
Microsoft Visual Studio Solution File, Format Version 12.00
# Visual Studio Version 16
VisualStudioVersion = 16.0.29519.87
MinimumVisualStudioVersion = 10.0.40219.1
Project("{FAE04EC0-301F-11D3-BF4B-00C04F79EFBC}") = "Access_bd_01", "Access_bd_01\Access_bd_01.csproj", "{EDF936B3-688D-4D70-AF79-CB06AF5032FE}"
EndProject
Global
	GlobalSection(SolutionConfigurationPlatforms) = preSolution
		Debug|Any CPU = Debug|Any CPU
		Release|Any CPU = Release|Any CPU
	EndGlobalSection
	GlobalSection(ProjectConfigurationPlatforms) = postSolution
		{EDF936B3-688D-4D70-AF79-CB06AF5032FE}.Debug|Any CPU.ActiveCfg = Debug|Any CPU
		{EDF936B3-688D-4D70-AF79-CB06AF5032FE}.Debug|Any CPU.Build.0 = Debug|Any CPU
		{EDF936B3-688D-4D70-AF79-CB06AF5032FE}.Release|Any CPU.ActiveCfg = Release|Any CPU
		{EDF936B3-688D-4D70-AF79-CB06AF5032FE}.Release|Any CPU.Build.0 = Release|Any CPU
	EndGlobalSection
	GlobalSection(SolutionProperties) = preSolution
		HideSolutionNode = FALSE
	EndGlobalSection
	GlobalSection(ExtensibilityGlobals) = postSolution
		SolutionGuid = {8E58BBE2-70C5-4378-9EFD-B417A6878659}
	EndGlobalSection
EndGlobal
