
Microsoft Visual Studio Solution File, Format Version 12.00
# Visual Studio Version 16
VisualStudioVersion = 16.0.29609.76
MinimumVisualStudioVersion = 10.0.40219.1
Project("{FAE04EC0-301F-11D3-BF4B-00C04F79EFBC}") = "AccessProyecto_09", "AccessProyecto_09\AccessProyecto_09.csproj", "{43281AA4-D099-472A-8870-F57CA04022A7}"
EndProject
Global
	GlobalSection(SolutionConfigurationPlatforms) = preSolution
		Debug|Any CPU = Debug|Any CPU
		Release|Any CPU = Release|Any CPU
	EndGlobalSection
	GlobalSection(ProjectConfigurationPlatforms) = postSolution
		{43281AA4-D099-472A-8870-F57CA04022A7}.Debug|Any CPU.ActiveCfg = Debug|Any CPU
		{43281AA4-D099-472A-8870-F57CA04022A7}.Debug|Any CPU.Build.0 = Debug|Any CPU
		{43281AA4-D099-472A-8870-F57CA04022A7}.Release|Any CPU.ActiveCfg = Release|Any CPU
		{43281AA4-D099-472A-8870-F57CA04022A7}.Release|Any CPU.Build.0 = Release|Any CPU
	EndGlobalSection
	GlobalSection(SolutionProperties) = preSolution
		HideSolutionNode = FALSE
	EndGlobalSection
	GlobalSection(ExtensibilityGlobals) = postSolution
		SolutionGuid = {A94C4A78-6547-42C4-AFDB-87EC0BA30968}
	EndGlobalSection
EndGlobal
